
Microsoft Visual Studio Solution File, Format Version 12.00
# Visual Studio Version 17
VisualStudioVersion = 17.8.34309.116
MinimumVisualStudioVersion = 10.0.40219.1
Project("{FAE04EC0-301F-11D3-BF4B-00C04F79EFBC}") = "PharmacyInventoryAndBillingSystem", "PharmacyInventoryAndBillingSystem\PharmacyInventoryAndBillingSystem.csproj", "{90987393-02AF-4B29-AAEB-DFC0C2ABA4C6}"
EndProject
Global
	GlobalSection(SolutionConfigurationPlatforms) = preSolution
		Debug|Any CPU = Debug|Any CPU
		Release|Any CPU = Release|Any CPU
	EndGlobalSection
	GlobalSection(ProjectConfigurationPlatforms) = postSolution
		{90987393-02AF-4B29-AAEB-DFC0C2ABA4C6}.Debug|Any CPU.ActiveCfg = Debug|Any CPU
		{90987393-02AF-4B29-AAEB-DFC0C2ABA4C6}.Debug|Any CPU.Build.0 = Debug|Any CPU
		{90987393-02AF-4B29-AAEB-DFC0C2ABA4C6}.Release|Any CPU.ActiveCfg = Release|Any CPU
		{90987393-02AF-4B29-AAEB-DFC0C2ABA4C6}.Release|Any CPU.Build.0 = Release|Any CPU
	EndGlobalSection
	GlobalSection(SolutionProperties) = preSolution
		HideSolutionNode = FALSE
	EndGlobalSection
	GlobalSection(ExtensibilityGlobals) = postSolution
		SolutionGuid = {C63D7013-1710-4C4D-B86E-1FE1F1D90351}
	EndGlobalSection
EndGlobal
